
Microsoft Visual Studio Solution File, Format Version 12.00
# Visual Studio Version 17
VisualStudioVersion = 17.9.34701.34
MinimumVisualStudioVersion = 10.0.40219.1
Project("{FAE04EC0-301F-11D3-BF4B-00C04F79EFBC}") = "PR6.2", "PR6.2.csproj", "{0DEF6367-2F5B-4D9B-BDA9-057A690B86FE}"
EndProject
Global
	GlobalSection(SolutionConfigurationPlatforms) = preSolution
		Debug|Any CPU = Debug|Any CPU
		Release|Any CPU = Release|Any CPU
	EndGlobalSection
	GlobalSection(ProjectConfigurationPlatforms) = postSolution
		{0DEF6367-2F5B-4D9B-BDA9-057A690B86FE}.Debug|Any CPU.ActiveCfg = Debug|Any CPU
		{0DEF6367-2F5B-4D9B-BDA9-057A690B86FE}.Debug|Any CPU.Build.0 = Debug|Any CPU
		{0DEF6367-2F5B-4D9B-BDA9-057A690B86FE}.Release|Any CPU.ActiveCfg = Release|Any CPU
		{0DEF6367-2F5B-4D9B-BDA9-057A690B86FE}.Release|Any CPU.Build.0 = Release|Any CPU
	EndGlobalSection
	GlobalSection(SolutionProperties) = preSolution
		HideSolutionNode = FALSE
	EndGlobalSection
	GlobalSection(ExtensibilityGlobals) = postSolution
		SolutionGuid = {6AF91753-B303-4CCF-AE32-A8542E6854D6}
	EndGlobalSection
EndGlobal
